// !$*UTF8*$!
{
	archiveVersion = 1;
	classes = {
	};
	objectVersion = 46;
	objects = {

/* Begin PBXBuildFile section */
		D0AF660A1CE30183009EAC28 /* main.m in Sources */ = {isa = PBXBuildFile; fileRef = D0AF66091CE30183009EAC28 /* main.m */; };
		D0AF660D1CE30183009EAC28 /* AppDelegate.m in Sources */ = {isa = PBXBuildFile; fileRef = D0AF660C1CE30183009EAC28 /* AppDelegate.m */; };
		D0AF66101CE30183009EAC28 /* ViewController.m in Sources */ = {isa = PBXBuildFile; fileRef = D0AF660F1CE30183009EAC28 /* ViewController.m */; };
		D0AF66131CE30183009EAC28 /* Main.storyboard in Resources */ = {isa = PBXBuildFile; fileRef = D0AF66111CE30183009EAC28 /* Main.storyboard */; };
		D0AF66151CE30183009EAC28 /* Assets.xcassets in Resources */ = {isa = PBXBuildFile; fileRef = D0AF66141CE30183009EAC28 /* Assets.xcassets */; };
		D0AF66181CE30183009EAC28 /* LaunchScreen.storyboard in Resources */ = {isa = PBXBuildFile; fileRef = D0AF66161CE30183009EAC28 /* LaunchScreen.storyboard */; };
		D0AF66221CE30B7A009EAC28 /* LWKeyboardView.m in Sources */ = {isa = PBXBuildFile; fileRef = D0AF66211CE30B7A009EAC28 /* LWKeyboardView.m */; };
		D0AF66271CE32A50009EAC28 /* a.png in Resources */ = {isa = PBXBuildFile; fileRef = D0AF66241CE32A50009EAC28 /* a.png */; };
		D0AF66281CE32A50009EAC28 /* i.png in Resources */ = {isa = PBXBuildFile; fileRef = D0AF66251CE32A50009EAC28 /* i.png */; };
		D0AF66291CE32A50009EAC28 /* u.png in Resources */ = {isa = PBXBuildFile; fileRef = D0AF66261CE32A50009EAC28 /* u.png */; };
		D0AF662D1CE32C2F009EAC28 /* b.png in Resources */ = {isa = PBXBuildFile; fileRef = D0AF662A1CE32C2F009EAC28 /* b.png */; };
		D0AF662E1CE32C2F009EAC28 /* c.png in Resources */ = {isa = PBXBuildFile; fileRef = D0AF662B1CE32C2F009EAC28 /* c.png */; };
		D0AF662F1CE32C2F009EAC28 /* w.png in Resources */ = {isa = PBXBuildFile; fileRef = D0AF662C1CE32C2F009EAC28 /* w.png */; };
/* End PBXBuildFile section */

/* Begin PBXFileReference section */
		D0AF66051CE30183009EAC28 /* LWKeyboard.app */ = {isa = PBXFileReference; explicitFileType = wrapper.application; includeInIndex = 0; path = LWKeyboard.app; sourceTree = BUILT_PRODUCTS_DIR; };
		D0AF66091CE30183009EAC28 /* main.m */ = {isa = PBXFileReference; lastKnownFileType = sourcecode.c.objc; path = main.m; sourceTree = "<group>"; };
		D0AF660B1CE30183009EAC28 /* AppDelegate.h */ = {isa = PBXFileReference; lastKnownFileType = sourcecode.c.h; path = AppDelegate.h; sourceTree = "<group>"; };
		D0AF660C1CE30183009EAC28 /* AppDelegate.m */ = {isa = PBXFileReference; lastKnownFileType = sourcecode.c.objc; path = AppDelegate.m; sourceTree = "<group>"; };
		D0AF660E1CE30183009EAC28 /* ViewController.h */ = {isa = PBXFileReference; lastKnownFileType = sourcecode.c.h; path = ViewController.h; sourceTree = "<group>"; };
		D0AF660F1CE30183009EAC28 /* ViewController.m */ = {isa = PBXFileReference; lastKnownFileType = sourcecode.c.objc; path = ViewController.m; sourceTree = "<group>"; };
		D0AF66121CE30183009EAC28 /* Base */ = {isa = PBXFileReference; lastKnownFileType = file.storyboard; name = Base; path = Base.lproj/Main.storyboard; sourceTree = "<group>"; };
		D0AF66141CE30183009EAC28 /* Assets.xcassets */ = {isa = PBXFileReference; lastKnownFileType = folder.assetcatalog; path = Assets.xcassets; sourceTree = "<group>"; };
		D0AF66171CE30183009EAC28 /* Base */ = {isa = PBXFileReference; lastKnownFileType = file.storyboard; name = Base; path = Base.lproj/LaunchScreen.storyboard; sourceTree = "<group>"; };
		D0AF66191CE30183009EAC28 /* Info.plist */ = {isa = PBXFileReference; lastKnownFileType = text.plist.xml; path = Info.plist; sourceTree = "<group>"; };
		D0AF66201CE30B7A009EAC28 /* LWKeyboardView.h */ = {isa = PBXFileReference; fileEncoding = 4; lastKnownFileType = sourcecode.c.h; path = LWKeyboardView.h; sourceTree = "<group>"; };
		D0AF66211CE30B7A009EAC28 /* LWKeyboardView.m */ = {isa = PBXFileReference; fileEncoding = 4; lastKnownFileType = sourcecode.c.objc; path = LWKeyboardView.m; sourceTree = "<group>"; };
		D0AF66241CE32A50009EAC28 /* a.png */ = {isa = PBXFileReference; lastKnownFileType = image.png; path = a.png; sourceTree = "<group>"; };
		D0AF66251CE32A50009EAC28 /* i.png */ = {isa = PBXFileReference; lastKnownFileType = image.png; path = i.png; sourceTree = "<group>"; };
		D0AF66261CE32A50009EAC28 /* u.png */ = {isa = PBXFileReference; lastKnownFileType = image.png; path = u.png; sourceTree = "<group>"; };
		D0AF662A1CE32C2F009EAC28 /* b.png */ = {isa = PBXFileReference; lastKnownFileType = image.png; path = b.png; sourceTree = "<group>"; };
		D0AF662B1CE32C2F009EAC28 /* c.png */ = {isa = PBXFileReference; lastKnownFileType = image.png; path = c.png; sourceTree = "<group>"; };
		D0AF662C1CE32C2F009EAC28 /* w.png */ = {isa = PBXFileReference; lastKnownFileType = image.png; path = w.png; sourceTree = "<group>"; };
/* End PBXFileReference section */

/* Begin PBXFrameworksBuildPhase section */
		D0AF66021CE30183009EAC28 /* Frameworks */ = {
			isa = PBXFrameworksBuildPhase;
			buildActionMask = 2147483647;
			files = (
			);
			runOnlyForDeploymentPostprocessing = 0;
		};
/* End PBXFrameworksBuildPhase section */

/* Begin PBXGroup section */
		D0AF65FC1CE30183009EAC28 = {
			isa = PBXGroup;
			children = (
				D0AF66071CE30183009EAC28 /* LWKeyboard */,
				D0AF66061CE30183009EAC28 /* Products */,
			);
			sourceTree = "<group>";
		};
		D0AF66061CE30183009EAC28 /* Products */ = {
			isa = PBXGroup;
			children = (
				D0AF66051CE30183009EAC28 /* LWKeyboard.app */,
			);
			name = Products;
			sourceTree = "<group>";
		};
		D0AF66071CE30183009EAC28 /* LWKeyboard */ = {
			isa = PBXGroup;
			children = (
				D0AF661F1CE30B6F009EAC28 /* LWKeyboard */,
				D0AF660B1CE30183009EAC28 /* AppDelegate.h */,
				D0AF660C1CE30183009EAC28 /* AppDelegate.m */,
				D0AF660E1CE30183009EAC28 /* ViewController.h */,
				D0AF660F1CE30183009EAC28 /* ViewController.m */,
				D0AF66111CE30183009EAC28 /* Main.storyboard */,
				D0AF66141CE30183009EAC28 /* Assets.xcassets */,
				D0AF66161CE30183009EAC28 /* LaunchScreen.storyboard */,
				D0AF66191CE30183009EAC28 /* Info.plist */,
				D0AF66081CE30183009EAC28 /* Supporting Files */,
			);
			path = LWKeyboard;
			sourceTree = "<group>";
		};
		D0AF66081CE30183009EAC28 /* Supporting Files */ = {
			isa = PBXGroup;
			children = (
				D0AF66091CE30183009EAC28 /* main.m */,
			);
			name = "Supporting Files";
			sourceTree = "<group>";
		};
		D0AF661F1CE30B6F009EAC28 /* LWKeyboard */ = {
			isa = PBXGroup;
			children = (
				D0AF66231CE316D7009EAC28 /* lwkbImages */,
				D0AF66201CE30B7A009EAC28 /* LWKeyboardView.h */,
				D0AF66211CE30B7A009EAC28 /* LWKeyboardView.m */,
			);
			path = LWKeyboard;
			sourceTree = "<group>";
		};
		D0AF66231CE316D7009EAC28 /* lwkbImages */ = {
			isa = PBXGroup;
			children = (
				D0AF662A1CE32C2F009EAC28 /* b.png */,
				D0AF662B1CE32C2F009EAC28 /* c.png */,
				D0AF662C1CE32C2F009EAC28 /* w.png */,
				D0AF66241CE32A50009EAC28 /* a.png */,
				D0AF66251CE32A50009EAC28 /* i.png */,
				D0AF66261CE32A50009EAC28 /* u.png */,
			);
			path = lwkbImages;
			sourceTree = "<group>";
		};
/* End PBXGroup section */

/* Begin PBXNativeTarget section */
		D0AF66041CE30183009EAC28 /* LWKeyboard */ = {
			isa = PBXNativeTarget;
			buildConfigurationList = D0AF661C1CE30183009EAC28 /* Build configuration list for PBXNativeTarget "LWKeyboard" */;
			buildPhases = (
				D0AF66011CE30183009EAC28 /* Sources */,
				D0AF66021CE30183009EAC28 /* Frameworks */,
				D0AF66031CE30183009EAC28 /* Resources */,
			);
			buildRules = (
			);
			dependencies = (
			);
			name = LWKeyboard;
			productName = LWKeyboard;
			productReference = D0AF66051CE30183009EAC28 /* LWKeyboard.app */;
			productType = "com.apple.product-type.application";
		};
/* End PBXNativeTarget section */

/* Begin PBXProject section */
		D0AF65FD1CE30183009EAC28 /* Project object */ = {
			isa = PBXProject;
			attributes = {
				LastUpgradeCheck = 0730;
				ORGANIZATIONNAME = liwei;
				TargetAttributes = {
					D0AF66041CE30183009EAC28 = {
						CreatedOnToolsVersion = 7.3;
					};
				};
			};
			buildConfigurationList = D0AF66001CE30183009EAC28 /* Build configuration list for PBXProject "LWKeyboard" */;
			compatibilityVersion = "Xcode 3.2";
			developmentRegion = English;
			hasScannedForEncodings = 0;
			knownRegions = (
				en,
				Base,
			);
			mainGroup = D0AF65FC1CE30183009EAC28;
			productRefGroup = D0AF66061CE30183009EAC28 /* Products */;
			projectDirPath = "";
			projectRoot = "";
			targets = (
				D0AF66041CE30183009EAC28 /* LWKeyboard */,
			);
		};
/* End PBXProject section */

/* Begin PBXResourcesBuildPhase section */
		D0AF66031CE30183009EAC28 /* Resources */ = {
			isa = PBXResourcesBuildPhase;
			buildActionMask = 2147483647;
			files = (
				D0AF66181CE30183009EAC28 /* LaunchScreen.storyboard in Resources */,
				D0AF66271CE32A50009EAC28 /* a.png in Resources */,
				D0AF66281CE32A50009EAC28 /* i.png in Resources */,
				D0AF662E1CE32C2F009EAC28 /* c.png in Resources */,
				D0AF66291CE32A50009EAC28 /* u.png in Resources */,
				D0AF66151CE30183009EAC28 /* Assets.xcassets in Resources */,
				D0AF662F1CE32C2F009EAC28 /* w.png in Resources */,
				D0AF66131CE30183009EAC28 /* Main.storyboard in Resources */,
				D0AF662D1CE32C2F009EAC28 /* b.png in Resources */,
			);
			runOnlyForDeploymentPostprocessing = 0;
		};
/* End PBXResourcesBuildPhase section */

/* Begin PBXSourcesBuildPhase section */
		D0AF66011CE30183009EAC28 /* Sources */ = {
			isa = PBXSourcesBuildPhase;
			buildActionMask = 2147483647;
			files = (
				D0AF66101CE30183009EAC28 /* ViewController.m in Sources */,
				D0AF660D1CE30183009EAC28 /* AppDelegate.m in Sources */,
				D0AF66221CE30B7A009EAC28 /* LWKeyboardView.m in Sources */,
				D0AF660A1CE30183009EAC28 /* main.m in Sources */,
			);
			runOnlyForDeploymentPostprocessing = 0;
		};
/* End PBXSourcesBuildPhase section */

/* Begin PBXVariantGroup section */
		D0AF66111CE30183009EAC28 /* Main.storyboard */ = {
			isa = PBXVariantGroup;
			children = (
				D0AF66121CE30183009EAC28 /* Base */,
			);
			name = Main.storyboard;
			sourceTree = "<group>";
		};
		D0AF66161CE30183009EAC28 /* LaunchScreen.storyboard */ = {
			isa = PBXVariantGroup;
			children = (
				D0AF66171CE30183009EAC28 /* Base */,
			);
			name = LaunchScreen.storyboard;
			sourceTree = "<group>";
		};
/* End PBXVariantGroup section */

/* Begin XCBuildConfiguration section */
		D0AF661A1CE30183009EAC28 /* Debug */ = {
			isa = XCBuildConfiguration;
			buildSettings = {
				ALWAYS_SEARCH_USER_PATHS = NO;
				CLANG_ANALYZER_NONNULL = YES;
				CLANG_CXX_LANGUAGE_STANDARD = "gnu++0x";
				CLANG_CXX_LIBRARY = "libc++";
				CLANG_ENABLE_MODULES = YES;
				CLANG_ENABLE_OBJC_ARC = YES;
				CLANG_WARN_BOOL_CONVERSION = YES;
				CLANG_WARN_CONSTANT_CONVERSION = YES;
				CLANG_WARN_DIRECT_OBJC_ISA_USAGE = YES_ERROR;
				CLANG_WARN_EMPTY_BODY = YES;
				CLANG_WARN_ENUM_CONVERSION = YES;
				CLANG_WARN_INT_CONVERSION = YES;
				CLANG_WARN_OBJC_ROOT_CLASS = YES_ERROR;
				CLANG_WARN_UNREACHABLE_CODE = YES;
				CLANG_WARN__DUPLICATE_METHOD_MATCH = YES;
				"CODE_SIGN_IDENTITY[sdk=iphoneos*]" = "iPhone Developer";
				COPY_PHASE_STRIP = NO;
				DEBUG_INFORMATION_FORMAT = dwarf;
				ENABLE_STRICT_OBJC_MSGSEND = YES;
				ENABLE_TESTABILITY = YES;
				GCC_C_LANGUAGE_STANDARD = gnu99;
				GCC_DYNAMIC_NO_PIC = NO;
				GCC_NO_COMMON_BLOCKS = YES;
				GCC_OPTIMIZATION_LEVEL = 0;
				GCC_PREPROCESSOR_DEFINITIONS = (
					"DEBUG=1",
					"$(inherited)",
				);
				GCC_WARN_64_TO_32_BIT_CONVERSION = YES;
				GCC_WARN_ABOUT_RETURN_TYPE = YES_ERROR;
				GCC_WARN_UNDECLARED_SELECTOR = YES;
				GCC_WARN_UNINITIALIZED_AUTOS = YES_AGGRESSIVE;
				GCC_WARN_UNUSED_FUNCTION = YES;
				GCC_WARN_UNUSED_VARIABLE = YES;
				IPHONEOS_DEPLOYMENT_TARGET = 8.0;
				MTL_ENABLE_DEBUG_INFO = YES;
				ONLY_ACTIVE_ARCH = YES;
				SDKROOT = iphoneos;
			};
			name = Debug;
		};
		D0AF661B1CE30183009EAC28 /* Release */ = {
			isa = XCBuildConfiguration;
			buildSettings = {
				ALWAYS_SEARCH_USER_PATHS = NO;
				CLANG_ANALYZER_NONNULL = YES;
				CLANG_CXX_LANGUAGE_STANDARD = "gnu++0x";
				CLANG_CXX_LIBRARY = "libc++";
				CLANG_ENABLE_MODULES = YES;
				CLANG_ENABLE_OBJC_ARC = YES;
				CLANG_WARN_BOOL_CONVERSION = YES;
				CLANG_WARN_CONSTANT_CONVERSION = YES;
				CLANG_WARN_DIRECT_OBJC_ISA_USAGE = YES_ERROR;
				CLANG_WARN_EMPTY_BODY = YES;
				CLANG_WARN_ENUM_CONVERSION = YES;
				CLANG_WARN_INT_CONVERSION = YES;
				CLANG_WARN_OBJC_ROOT_CLASS = YES_ERROR;
				CLANG_WARN_UNREACHABLE_CODE = YES;
				CLANG_WARN__DUPLICATE_METHOD_MATCH = YES;
				"CODE_SIGN_IDENTITY[sdk=iphoneos*]" = "iPhone Developer";
				COPY_PHASE_STRIP = NO;
				DEBUG_INFORMATION_FORMAT = "dwarf-with-dsym";
				ENABLE_NS_ASSERTIONS = NO;
				ENABLE_STRICT_OBJC_MSGSEND = YES;
				GCC_C_LANGUAGE_STANDARD = gnu99;
				GCC_NO_COMMON_BLOCKS = YES;
				GCC_WARN_64_TO_32_BIT_CONVERSION = YES;
				GCC_WARN_ABOUT_RETURN_TYPE = YES_ERROR;
				GCC_WARN_UNDECLARED_SELECTOR = YES;
				GCC_WARN_UNINITIALIZED_AUTOS = YES_AGGRESSIVE;
				GCC_WARN_UNUSED_FUNCTION = YES;
				GCC_WARN_UNUSED_VARIABLE = YES;
				IPHONEOS_DEPLOYMENT_TARGET = 8.0;
				MTL_ENABLE_DEBUG_INFO = NO;
				SDKROOT = iphoneos;
				VALIDATE_PRODUCT = YES;
			};
			name = Release;
		};
		D0AF661D1CE30183009EAC28 /* Debug */ = {
			isa = XCBuildConfiguration;
			buildSettings = {
				ASSETCATALOG_COMPILER_APPICON_NAME = AppIcon;
				INFOPLIST_FILE = LWKeyboard/Info.plist;
				IPHONEOS_DEPLOYMENT_TARGET = 8.0;
				LD_RUNPATH_SEARCH_PATHS = "$(inherited) @executable_path/Frameworks";
				PRODUCT_BUNDLE_IDENTIFIER = com.LWKeyboard;
				PRODUCT_NAME = "$(TARGET_NAME)";
			};
			name = Debug;
		};
		D0AF661E1CE30183009EAC28 /* Release */ = {
			isa = XCBuildConfiguration;
			buildSettings = {
				ASSETCATALOG_COMPILER_APPICON_NAME = AppIcon;
				INFOPLIST_FILE = LWKeyboard/Info.plist;
				IPHONEOS_DEPLOYMENT_TARGET = 8.0;
				LD_RUNPATH_SEARCH_PATHS = "$(inherited) @executable_path/Frameworks";
				PRODUCT_BUNDLE_IDENTIFIER = com.LWKeyboard;
				PRODUCT_NAME = "$(TARGET_NAME)";
			};
			name = Release;
		};
/* End XCBuildConfiguration section */

/* Begin XCConfigurationList section */
		D0AF66001CE30183009EAC28 /* Build configuration list for PBXProject "LWKeyboard" */ = {
			isa = XCConfigurationList;
			buildConfigurations = (
				D0AF661A1CE30183009EAC28 /* Debug */,
				D0AF661B1CE30183009EAC28 /* Release */,
			);
			defaultConfigurationIsVisible = 0;
			defaultConfigurationName = Release;
		};
		D0AF661C1CE30183009EAC28 /* Build configuration list for PBXNativeTarget "LWKeyboard" */ = {
			isa = XCConfigurationList;
			buildConfigurations = (
				D0AF661D1CE30183009EAC28 /* Debug */,
				D0AF661E1CE30183009EAC28 /* Release */,
			);
			defaultConfigurationIsVisible = 0;
		};
/* End XCConfigurationList section */
	};
	rootObject = D0AF65FD1CE30183009EAC28 /* Project object */;
}
